
Microsoft Visual Studio Solution File, Format Version 12.00
# Visual Studio Version 17
VisualStudioVersion = 17.1.32210.238
MinimumVisualStudioVersion = 10.0.40219.1
Project("{FAE04EC0-301F-11D3-BF4B-00C04F79EFBC}") = "Stock Management", "Stock Management\Stock Management.csproj", "{3EE0F6A4-2CF0-4A45-8703-486AD050E594}"
EndProject
Global
	GlobalSection(SolutionConfigurationPlatforms) = preSolution
		Debug|Any CPU = Debug|Any CPU
		Release|Any CPU = Release|Any CPU
	EndGlobalSection
	GlobalSection(ProjectConfigurationPlatforms) = postSolution
		{3EE0F6A4-2CF0-4A45-8703-486AD050E594}.Debug|Any CPU.ActiveCfg = Debug|Any CPU
		{3EE0F6A4-2CF0-4A45-8703-486AD050E594}.Debug|Any CPU.Build.0 = Debug|Any CPU
		{3EE0F6A4-2CF0-4A45-8703-486AD050E594}.Release|Any CPU.ActiveCfg = Release|Any CPU
		{3EE0F6A4-2CF0-4A45-8703-486AD050E594}.Release|Any CPU.Build.0 = Release|Any CPU
	EndGlobalSection
	GlobalSection(SolutionProperties) = preSolution
		HideSolutionNode = FALSE
	EndGlobalSection
	GlobalSection(ExtensibilityGlobals) = postSolution
		SolutionGuid = {02AA8BBF-7415-4942-94DB-A38F719468B9}
	EndGlobalSection
EndGlobal
